
Microsoft Visual Studio Solution File, Format Version 12.00
# Visual Studio 14
VisualStudioVersion = 14.0.25420.1
MinimumVisualStudioVersion = 10.0.40219.1
Project("{2150E333-8FDC-42A3-9474-1A3956D46DE8}") = "src", "src", "{0D77129D-7C1F-4E0F-82DD-0F8398333060}"
EndProject
Project("{2150E333-8FDC-42A3-9474-1A3956D46DE8}") = "Solution Items", "Solution Items", "{67E511A0-CFF7-40ED-943C-07713FC1526C}"
	ProjectSection(SolutionItems) = preProject
		global.json = global.json
	EndProjectSection
EndProject
Project("{8BB2217D-0F2D-49D1-97BC-3654ED321F3B}") = "Tempest", "src\Tempest\Tempest.xproj", "{439AC6B4-8EE8-47F8-8B27-221493FDA6B4}"
	ProjectSection(ProjectDependencies) = postProject
		{39B37504-FF50-468F-928C-217F3CD01887} = {39B37504-FF50-468F-928C-217F3CD01887}
		{30CF6FE4-76C6-453A-AAEC-44263FA00694} = {30CF6FE4-76C6-453A-AAEC-44263FA00694}
	EndProjectSection
EndProject
Project("{8BB2217D-0F2D-49D1-97BC-3654ED321F3B}") = "Tempest.Generator.Empty", "src\Tempest.Generator.Empty\Tempest.Generator.Empty.xproj", "{30CF6FE4-76C6-453A-AAEC-44263FA00694}"
EndProject
Project("{2150E333-8FDC-42A3-9474-1A3956D46DE8}") = "tests", "tests", "{91BD1DEF-1C41-4D8E-B557-95E8A09642CB}"
EndProject
Project("{8BB2217D-0F2D-49D1-97BC-3654ED321F3B}") = "Tempest.CoreTests", "test\Tempest.CoreTests\Tempest.CoreTests.xproj", "{28F57139-C517-4792-917A-F27776E8F7AE}"
EndProject
Project("{8BB2217D-0F2D-49D1-97BC-3654ED321F3B}") = "Tempest.Core", "src\Tempest.Core\Tempest.Core.xproj", "{13CF9118-62FC-45EA-B74F-B31E750A6B11}"
EndProject
Project("{8BB2217D-0F2D-49D1-97BC-3654ED321F3B}") = "Tempest.Generator.New", "src\Tempest.Generator.New\Tempest.Generator.New.xproj", "{39B37504-FF50-468F-928C-217F3CD01887}"
EndProject
Project("{8BB2217D-0F2D-49D1-97BC-3654ED321F3B}") = "Tempest.Core.IntegrationTests", "test\Tempest.Core.IntegrationTests\Tempest.Core.IntegrationTests.xproj", "{DBFFC82F-2A0F-487F-A8DB-393F363D740C}"
EndProject
Project("{8BB2217D-0F2D-49D1-97BC-3654ED321F3B}") = "Tempest.Boot", "src\Tempest.Boot\Tempest.Boot.xproj", "{986D54DC-B149-483C-B935-3B50EC96859A}"
EndProject
Global
	GlobalSection(SolutionConfigurationPlatforms) = preSolution
		Debug|Any CPU = Debug|Any CPU
		Release|Any CPU = Release|Any CPU
	EndGlobalSection
	GlobalSection(ProjectConfigurationPlatforms) = postSolution
		{439AC6B4-8EE8-47F8-8B27-221493FDA6B4}.Debug|Any CPU.ActiveCfg = Debug|Any CPU
		{439AC6B4-8EE8-47F8-8B27-221493FDA6B4}.Debug|Any CPU.Build.0 = Debug|Any CPU
		{439AC6B4-8EE8-47F8-8B27-221493FDA6B4}.Release|Any CPU.ActiveCfg = Release|Any CPU
		{439AC6B4-8EE8-47F8-8B27-221493FDA6B4}.Release|Any CPU.Build.0 = Release|Any CPU
		{30CF6FE4-76C6-453A-AAEC-44263FA00694}.Debug|Any CPU.ActiveCfg = Debug|Any CPU
		{30CF6FE4-76C6-453A-AAEC-44263FA00694}.Debug|Any CPU.Build.0 = Debug|Any CPU
		{30CF6FE4-76C6-453A-AAEC-44263FA00694}.Release|Any CPU.ActiveCfg = Release|Any CPU
		{30CF6FE4-76C6-453A-AAEC-44263FA00694}.Release|Any CPU.Build.0 = Release|Any CPU
		{28F57139-C517-4792-917A-F27776E8F7AE}.Debug|Any CPU.ActiveCfg = Debug|Any CPU
		{28F57139-C517-4792-917A-F27776E8F7AE}.Debug|Any CPU.Build.0 = Debug|Any CPU
		{28F57139-C517-4792-917A-F27776E8F7AE}.Release|Any CPU.ActiveCfg = Release|Any CPU
		{28F57139-C517-4792-917A-F27776E8F7AE}.Release|Any CPU.Build.0 = Release|Any CPU
		{13CF9118-62FC-45EA-B74F-B31E750A6B11}.Debug|Any CPU.ActiveCfg = Debug|Any CPU
		{13CF9118-62FC-45EA-B74F-B31E750A6B11}.Debug|Any CPU.Build.0 = Debug|Any CPU
		{13CF9118-62FC-45EA-B74F-B31E750A6B11}.Release|Any CPU.ActiveCfg = Release|Any CPU
		{13CF9118-62FC-45EA-B74F-B31E750A6B11}.Release|Any CPU.Build.0 = Release|Any CPU
		{39B37504-FF50-468F-928C-217F3CD01887}.Debug|Any CPU.ActiveCfg = Debug|Any CPU
		{39B37504-FF50-468F-928C-217F3CD01887}.Debug|Any CPU.Build.0 = Debug|Any CPU
		{39B37504-FF50-468F-928C-217F3CD01887}.Release|Any CPU.ActiveCfg = Release|Any CPU
		{39B37504-FF50-468F-928C-217F3CD01887}.Release|Any CPU.Build.0 = Release|Any CPU
		{DBFFC82F-2A0F-487F-A8DB-393F363D740C}.Debug|Any CPU.ActiveCfg = Debug|Any CPU
		{DBFFC82F-2A0F-487F-A8DB-393F363D740C}.Debug|Any CPU.Build.0 = Debug|Any CPU
		{DBFFC82F-2A0F-487F-A8DB-393F363D740C}.Release|Any CPU.ActiveCfg = Release|Any CPU
		{DBFFC82F-2A0F-487F-A8DB-393F363D740C}.Release|Any CPU.Build.0 = Release|Any CPU
		{986D54DC-B149-483C-B935-3B50EC96859A}.Debug|Any CPU.ActiveCfg = Debug|Any CPU
		{986D54DC-B149-483C-B935-3B50EC96859A}.Debug|Any CPU.Build.0 = Debug|Any CPU
		{986D54DC-B149-483C-B935-3B50EC96859A}.Release|Any CPU.ActiveCfg = Release|Any CPU
		{986D54DC-B149-483C-B935-3B50EC96859A}.Release|Any CPU.Build.0 = Release|Any CPU
	EndGlobalSection
	GlobalSection(SolutionProperties) = preSolution
		HideSolutionNode = FALSE
	EndGlobalSection
	GlobalSection(NestedProjects) = preSolution
		{439AC6B4-8EE8-47F8-8B27-221493FDA6B4} = {0D77129D-7C1F-4E0F-82DD-0F8398333060}
		{30CF6FE4-76C6-453A-AAEC-44263FA00694} = {0D77129D-7C1F-4E0F-82DD-0F8398333060}
		{28F57139-C517-4792-917A-F27776E8F7AE} = {91BD1DEF-1C41-4D8E-B557-95E8A09642CB}
		{13CF9118-62FC-45EA-B74F-B31E750A6B11} = {0D77129D-7C1F-4E0F-82DD-0F8398333060}
		{39B37504-FF50-468F-928C-217F3CD01887} = {0D77129D-7C1F-4E0F-82DD-0F8398333060}
		{DBFFC82F-2A0F-487F-A8DB-393F363D740C} = {91BD1DEF-1C41-4D8E-B557-95E8A09642CB}
		{986D54DC-B149-483C-B935-3B50EC96859A} = {0D77129D-7C1F-4E0F-82DD-0F8398333060}
	EndGlobalSection
EndGlobal
